// !$*UTF8*$!
{
	archiveVersion = 1;
	classes = {
	};
	objectVersion = 46;
	objects = {

/* Begin PBXBuildFile section */
		CC594E891DA53AC100823047 /* firstView.m in Sources */ = {isa = PBXBuildFile; fileRef = CC594E841DA53AC100823047 /* firstView.m */; };
		CC594E8A1DA53AC100823047 /* secondView.m in Sources */ = {isa = PBXBuildFile; fileRef = CC594E861DA53AC100823047 /* secondView.m */; };
		CC594E8B1DA53AC100823047 /* thirdView.m in Sources */ = {isa = PBXBuildFile; fileRef = CC594E881DA53AC100823047 /* thirdView.m */; };
		CC594E911DA53ADF00823047 /* AppDelegate.m in Sources */ = {isa = PBXBuildFile; fileRef = CC594E8D1DA53ADF00823047 /* AppDelegate.m */; };
		CC594E921DA53ADF00823047 /* Assets.xcassets in Resources */ = {isa = PBXBuildFile; fileRef = CC594E8E1DA53ADF00823047 /* Assets.xcassets */; };
		CC594E961DA53AFC00823047 /* main.m in Sources */ = {isa = PBXBuildFile; fileRef = CC594E951DA53AFC00823047 /* main.m */; };
		CC594E9F1DA53B9000823047 /* Info.plist in Resources */ = {isa = PBXBuildFile; fileRef = CC594E901DA53ADF00823047 /* Info.plist */; };
		CC594EB61DA53C9600823047 /* LaunchScreen.storyboard in Resources */ = {isa = PBXBuildFile; fileRef = CC594EB21DA53C9600823047 /* LaunchScreen.storyboard */; };
		CC594EB71DA53C9600823047 /* Main.storyboard in Resources */ = {isa = PBXBuildFile; fileRef = CC594EB41DA53C9600823047 /* Main.storyboard */; };
		CC594EBA1DA53CAE00823047 /* ViewController.m in Sources */ = {isa = PBXBuildFile; fileRef = CC594EB91DA53CAE00823047 /* ViewController.m */; };
/* End PBXBuildFile section */

/* Begin PBXFileReference section */
		CC594E431DA51ED300823047 /* DSSearchPhotoPicker.app */ = {isa = PBXFileReference; explicitFileType = wrapper.application; includeInIndex = 0; path = DSSearchPhotoPicker.app; sourceTree = BUILT_PRODUCTS_DIR; };
		CC594E831DA53AC100823047 /* firstView.h */ = {isa = PBXFileReference; fileEncoding = 4; lastKnownFileType = sourcecode.c.h; name = firstView.h; path = DSSearchPhotoPicker/firstView.h; sourceTree = SOURCE_ROOT; };
		CC594E841DA53AC100823047 /* firstView.m */ = {isa = PBXFileReference; fileEncoding = 4; lastKnownFileType = sourcecode.c.objc; name = firstView.m; path = DSSearchPhotoPicker/firstView.m; sourceTree = SOURCE_ROOT; };
		CC594E851DA53AC100823047 /* secondView.h */ = {isa = PBXFileReference; fileEncoding = 4; lastKnownFileType = sourcecode.c.h; name = secondView.h; path = DSSearchPhotoPicker/secondView.h; sourceTree = SOURCE_ROOT; };
		CC594E861DA53AC100823047 /* secondView.m */ = {isa = PBXFileReference; fileEncoding = 4; lastKnownFileType = sourcecode.c.objc; name = secondView.m; path = DSSearchPhotoPicker/secondView.m; sourceTree = SOURCE_ROOT; };
		CC594E871DA53AC100823047 /* thirdView.h */ = {isa = PBXFileReference; fileEncoding = 4; lastKnownFileType = sourcecode.c.h; name = thirdView.h; path = DSSearchPhotoPicker/thirdView.h; sourceTree = SOURCE_ROOT; };
		CC594E881DA53AC100823047 /* thirdView.m */ = {isa = PBXFileReference; fileEncoding = 4; lastKnownFileType = sourcecode.c.objc; name = thirdView.m; path = DSSearchPhotoPicker/thirdView.m; sourceTree = SOURCE_ROOT; };
		CC594E8C1DA53ADF00823047 /* AppDelegate.h */ = {isa = PBXFileReference; fileEncoding = 4; lastKnownFileType = sourcecode.c.h; name = AppDelegate.h; path = DSSearchPhotoPicker/AppDelegate.h; sourceTree = SOURCE_ROOT; };
		CC594E8D1DA53ADF00823047 /* AppDelegate.m */ = {isa = PBXFileReference; fileEncoding = 4; lastKnownFileType = sourcecode.c.objc; name = AppDelegate.m; path = DSSearchPhotoPicker/AppDelegate.m; sourceTree = SOURCE_ROOT; };
		CC594E8E1DA53ADF00823047 /* Assets.xcassets */ = {isa = PBXFileReference; lastKnownFileType = folder.assetcatalog; name = Assets.xcassets; path = DSSearchPhotoPicker/Assets.xcassets; sourceTree = SOURCE_ROOT; };
		CC594E901DA53ADF00823047 /* Info.plist */ = {isa = PBXFileReference; fileEncoding = 4; lastKnownFileType = text.plist.xml; name = Info.plist; path = DSSearchPhotoPicker/Info.plist; sourceTree = SOURCE_ROOT; };
		CC594E951DA53AFC00823047 /* main.m */ = {isa = PBXFileReference; fileEncoding = 4; lastKnownFileType = sourcecode.c.objc; name = main.m; path = DSSearchPhotoPicker/main.m; sourceTree = SOURCE_ROOT; };
		CC594EB31DA53C9600823047 /* Base */ = {isa = PBXFileReference; lastKnownFileType = file.storyboard; name = Base; path = DSSearchPhotoPicker/Base.lproj/LaunchScreen.storyboard; sourceTree = SOURCE_ROOT; };
		CC594EB51DA53C9600823047 /* Base */ = {isa = PBXFileReference; lastKnownFileType = file.storyboard; name = Base; path = DSSearchPhotoPicker/Base.lproj/Main.storyboard; sourceTree = SOURCE_ROOT; };
		CC594EB81DA53CAE00823047 /* ViewController.h */ = {isa = PBXFileReference; fileEncoding = 4; lastKnownFileType = sourcecode.c.h; name = ViewController.h; path = DSSearchPhotoPicker/ViewController.h; sourceTree = SOURCE_ROOT; };
		CC594EB91DA53CAE00823047 /* ViewController.m */ = {isa = PBXFileReference; fileEncoding = 4; lastKnownFileType = sourcecode.c.objc; name = ViewController.m; path = DSSearchPhotoPicker/ViewController.m; sourceTree = SOURCE_ROOT; };
/* End PBXFileReference section */

/* Begin PBXFrameworksBuildPhase section */
		CC594E401DA51ED300823047 /* Frameworks */ = {
			isa = PBXFrameworksBuildPhase;
			buildActionMask = 2147483647;
			files = (
			);
			runOnlyForDeploymentPostprocessing = 0;
		};
/* End PBXFrameworksBuildPhase section */

/* Begin PBXGroup section */
		CC594E3A1DA51ED300823047 = {
			isa = PBXGroup;
			children = (
				CC594E451DA51ED300823047 /* DSSearchPhotoPicker */,
				CC594E441DA51ED300823047 /* Products */,
			);
			sourceTree = "<group>";
		};
		CC594E441DA51ED300823047 /* Products */ = {
			isa = PBXGroup;
			children = (
				CC594E431DA51ED300823047 /* DSSearchPhotoPicker.app */,
			);
			name = Products;
			sourceTree = "<group>";
		};
		CC594E451DA51ED300823047 /* DSSearchPhotoPicker */ = {
			isa = PBXGroup;
			children = (
				CC594E791DA526F500823047 /* customView */,
				CC594E8C1DA53ADF00823047 /* AppDelegate.h */,
				CC594E8D1DA53ADF00823047 /* AppDelegate.m */,
				CC594EB81DA53CAE00823047 /* ViewController.h */,
				CC594EB91DA53CAE00823047 /* ViewController.m */,
				CC594E8E1DA53ADF00823047 /* Assets.xcassets */,
				CC594EB21DA53C9600823047 /* LaunchScreen.storyboard */,
				CC594EB41DA53C9600823047 /* Main.storyboard */,
				CC594E901DA53ADF00823047 /* Info.plist */,
				CC594E461DA51ED300823047 /* Supporting Files */,
			);
			name = DSSearchPhotoPicker;
			path = customPhotoPicker;
			sourceTree = "<group>";
		};
		CC594E461DA51ED300823047 /* Supporting Files */ = {
			isa = PBXGroup;
			children = (
				CC594E951DA53AFC00823047 /* main.m */,
			);
			name = "Supporting Files";
			sourceTree = "<group>";
		};
		CC594E791DA526F500823047 /* customView */ = {
			isa = PBXGroup;
			children = (
				CC594E831DA53AC100823047 /* firstView.h */,
				CC594E841DA53AC100823047 /* firstView.m */,
				CC594E851DA53AC100823047 /* secondView.h */,
				CC594E861DA53AC100823047 /* secondView.m */,
				CC594E871DA53AC100823047 /* thirdView.h */,
				CC594E881DA53AC100823047 /* thirdView.m */,
			);
			name = customView;
			sourceTree = "<group>";
		};
/* End PBXGroup section */

/* Begin PBXNativeTarget section */
		CC594E421DA51ED300823047 /* DSSearchPhotoPicker */ = {
			isa = PBXNativeTarget;
			buildConfigurationList = CC594E701DA51ED400823047 /* Build configuration list for PBXNativeTarget "DSSearchPhotoPicker" */;
			buildPhases = (
				CC594E3F1DA51ED300823047 /* Sources */,
				CC594E401DA51ED300823047 /* Frameworks */,
				CC594E411DA51ED300823047 /* Resources */,
			);
			buildRules = (
			);
			dependencies = (
			);
			name = DSSearchPhotoPicker;
			productName = customPhotoPicker;
			productReference = CC594E431DA51ED300823047 /* DSSearchPhotoPicker.app */;
			productType = "com.apple.product-type.application";
		};
/* End PBXNativeTarget section */

/* Begin PBXProject section */
		CC594E3B1DA51ED300823047 /* Project object */ = {
			isa = PBXProject;
			attributes = {
				LastUpgradeCheck = 0800;
				ORGANIZATIONNAME = "Ruthwick S Rai";
				TargetAttributes = {
					CC594E421DA51ED300823047 = {
						CreatedOnToolsVersion = 8.0;
						DevelopmentTeam = 5C79GLKU9M;
						ProvisioningStyle = Automatic;
					};
				};
			};
			buildConfigurationList = CC594E3E1DA51ED300823047 /* Build configuration list for PBXProject "DSSearchPhotoPicker" */;
			compatibilityVersion = "Xcode 3.2";
			developmentRegion = English;
			hasScannedForEncodings = 0;
			knownRegions = (
				en,
				Base,
			);
			mainGroup = CC594E3A1DA51ED300823047;
			productRefGroup = CC594E441DA51ED300823047 /* Products */;
			projectDirPath = "";
			projectRoot = "";
			targets = (
				CC594E421DA51ED300823047 /* DSSearchPhotoPicker */,
			);
		};
/* End PBXProject section */

/* Begin PBXResourcesBuildPhase section */
		CC594E411DA51ED300823047 /* Resources */ = {
			isa = PBXResourcesBuildPhase;
			buildActionMask = 2147483647;
			files = (
				CC594EB61DA53C9600823047 /* LaunchScreen.storyboard in Resources */,
				CC594E9F1DA53B9000823047 /* Info.plist in Resources */,
				CC594E921DA53ADF00823047 /* Assets.xcassets in Resources */,
				CC594EB71DA53C9600823047 /* Main.storyboard in Resources */,
			);
			runOnlyForDeploymentPostprocessing = 0;
		};
/* End PBXResourcesBuildPhase section */

/* Begin PBXSourcesBuildPhase section */
		CC594E3F1DA51ED300823047 /* Sources */ = {
			isa = PBXSourcesBuildPhase;
			buildActionMask = 2147483647;
			files = (
				CC594EBA1DA53CAE00823047 /* ViewController.m in Sources */,
				CC594E961DA53AFC00823047 /* main.m in Sources */,
				CC594E891DA53AC100823047 /* firstView.m in Sources */,
				CC594E8A1DA53AC100823047 /* secondView.m in Sources */,
				CC594E8B1DA53AC100823047 /* thirdView.m in Sources */,
				CC594E911DA53ADF00823047 /* AppDelegate.m in Sources */,
			);
			runOnlyForDeploymentPostprocessing = 0;
		};
/* End PBXSourcesBuildPhase section */

/* Begin PBXVariantGroup section */
		CC594EB21DA53C9600823047 /* LaunchScreen.storyboard */ = {
			isa = PBXVariantGroup;
			children = (
				CC594EB31DA53C9600823047 /* Base */,
			);
			name = LaunchScreen.storyboard;
			sourceTree = "<group>";
		};
		CC594EB41DA53C9600823047 /* Main.storyboard */ = {
			isa = PBXVariantGroup;
			children = (
				CC594EB51DA53C9600823047 /* Base */,
			);
			name = Main.storyboard;
			sourceTree = "<group>";
		};
/* End PBXVariantGroup section */

/* Begin XCBuildConfiguration section */
		CC594E6E1DA51ED400823047 /* Debug */ = {
			isa = XCBuildConfiguration;
			buildSettings = {
				ALWAYS_SEARCH_USER_PATHS = NO;
				CLANG_ANALYZER_NONNULL = YES;
				CLANG_CXX_LANGUAGE_STANDARD = "gnu++0x";
				CLANG_CXX_LIBRARY = "libc++";
				CLANG_ENABLE_MODULES = YES;
				CLANG_ENABLE_OBJC_ARC = YES;
				CLANG_WARN_BOOL_CONVERSION = YES;
				CLANG_WARN_CONSTANT_CONVERSION = YES;
				CLANG_WARN_DIRECT_OBJC_ISA_USAGE = YES_ERROR;
				CLANG_WARN_DOCUMENTATION_COMMENTS = YES;
				CLANG_WARN_EMPTY_BODY = YES;
				CLANG_WARN_ENUM_CONVERSION = YES;
				CLANG_WARN_INFINITE_RECURSION = YES;
				CLANG_WARN_INT_CONVERSION = YES;
				CLANG_WARN_OBJC_ROOT_CLASS = YES_ERROR;
				CLANG_WARN_SUSPICIOUS_MOVES = YES;
				CLANG_WARN_UNREACHABLE_CODE = YES;
				CLANG_WARN__DUPLICATE_METHOD_MATCH = YES;
				"CODE_SIGN_IDENTITY[sdk=iphoneos*]" = "iPhone Developer";
				COPY_PHASE_STRIP = NO;
				DEBUG_INFORMATION_FORMAT = dwarf;
				ENABLE_STRICT_OBJC_MSGSEND = YES;
				ENABLE_TESTABILITY = YES;
				GCC_C_LANGUAGE_STANDARD = gnu99;
				GCC_DYNAMIC_NO_PIC = NO;
				GCC_NO_COMMON_BLOCKS = YES;
				GCC_OPTIMIZATION_LEVEL = 0;
				GCC_PREPROCESSOR_DEFINITIONS = (
					"DEBUG=1",
					"$(inherited)",
				);
				GCC_WARN_64_TO_32_BIT_CONVERSION = YES;
				GCC_WARN_ABOUT_RETURN_TYPE = YES_ERROR;
				GCC_WARN_UNDECLARED_SELECTOR = YES;
				GCC_WARN_UNINITIALIZED_AUTOS = YES_AGGRESSIVE;
				GCC_WARN_UNUSED_FUNCTION = YES;
				GCC_WARN_UNUSED_VARIABLE = YES;
				IPHONEOS_DEPLOYMENT_TARGET = 9.0;
				MTL_ENABLE_DEBUG_INFO = YES;
				ONLY_ACTIVE_ARCH = YES;
				SDKROOT = iphoneos;
				TARGETED_DEVICE_FAMILY = "1,2";
			};
			name = Debug;
		};
		CC594E6F1DA51ED400823047 /* Release */ = {
			isa = XCBuildConfiguration;
			buildSettings = {
				ALWAYS_SEARCH_USER_PATHS = NO;
				CLANG_ANALYZER_NONNULL = YES;
				CLANG_CXX_LANGUAGE_STANDARD = "gnu++0x";
				CLANG_CXX_LIBRARY = "libc++";
				CLANG_ENABLE_MODULES = YES;
				CLANG_ENABLE_OBJC_ARC = YES;
				CLANG_WARN_BOOL_CONVERSION = YES;
				CLANG_WARN_CONSTANT_CONVERSION = YES;
				CLANG_WARN_DIRECT_OBJC_ISA_USAGE = YES_ERROR;
				CLANG_WARN_DOCUMENTATION_COMMENTS = YES;
				CLANG_WARN_EMPTY_BODY = YES;
				CLANG_WARN_ENUM_CONVERSION = YES;
				CLANG_WARN_INFINITE_RECURSION = YES;
				CLANG_WARN_INT_CONVERSION = YES;
				CLANG_WARN_OBJC_ROOT_CLASS = YES_ERROR;
				CLANG_WARN_SUSPICIOUS_MOVES = YES;
				CLANG_WARN_UNREACHABLE_CODE = YES;
				CLANG_WARN__DUPLICATE_METHOD_MATCH = YES;
				"CODE_SIGN_IDENTITY[sdk=iphoneos*]" = "iPhone Developer";
				COPY_PHASE_STRIP = NO;
				DEBUG_INFORMATION_FORMAT = "dwarf-with-dsym";
				ENABLE_NS_ASSERTIONS = NO;
				ENABLE_STRICT_OBJC_MSGSEND = YES;
				GCC_C_LANGUAGE_STANDARD = gnu99;
				GCC_NO_COMMON_BLOCKS = YES;
				GCC_WARN_64_TO_32_BIT_CONVERSION = YES;
				GCC_WARN_ABOUT_RETURN_TYPE = YES_ERROR;
				GCC_WARN_UNDECLARED_SELECTOR = YES;
				GCC_WARN_UNINITIALIZED_AUTOS = YES_AGGRESSIVE;
				GCC_WARN_UNUSED_FUNCTION = YES;
				GCC_WARN_UNUSED_VARIABLE = YES;
				IPHONEOS_DEPLOYMENT_TARGET = 9.0;
				MTL_ENABLE_DEBUG_INFO = NO;
				SDKROOT = iphoneos;
				TARGETED_DEVICE_FAMILY = "1,2";
				VALIDATE_PRODUCT = YES;
			};
			name = Release;
		};
		CC594E711DA51ED400823047 /* Debug */ = {
			isa = XCBuildConfiguration;
			buildSettings = {
				ASSETCATALOG_COMPILER_APPICON_NAME = AppIcon;
				DEVELOPMENT_TEAM = 5C79GLKU9M;
				INFOPLIST_FILE = DSSearchPhotoPicker/Info.plist;
				LD_RUNPATH_SEARCH_PATHS = "$(inherited) @executable_path/Frameworks";
				PRODUCT_BUNDLE_IDENTIFIER = designString.DSSearchPhotoPicker;
				PRODUCT_NAME = "$(TARGET_NAME)";
			};
			name = Debug;
		};
		CC594E721DA51ED400823047 /* Release */ = {
			isa = XCBuildConfiguration;
			buildSettings = {
				ASSETCATALOG_COMPILER_APPICON_NAME = AppIcon;
				DEVELOPMENT_TEAM = 5C79GLKU9M;
				INFOPLIST_FILE = DSSearchPhotoPicker/Info.plist;
				LD_RUNPATH_SEARCH_PATHS = "$(inherited) @executable_path/Frameworks";
				PRODUCT_BUNDLE_IDENTIFIER = designString.DSSearchPhotoPicker;
				PRODUCT_NAME = "$(TARGET_NAME)";
			};
			name = Release;
		};
/* End XCBuildConfiguration section */

/* Begin XCConfigurationList section */
		CC594E3E1DA51ED300823047 /* Build configuration list for PBXProject "DSSearchPhotoPicker" */ = {
			isa = XCConfigurationList;
			buildConfigurations = (
				CC594E6E1DA51ED400823047 /* Debug */,
				CC594E6F1DA51ED400823047 /* Release */,
			);
			defaultConfigurationIsVisible = 0;
			defaultConfigurationName = Release;
		};
		CC594E701DA51ED400823047 /* Build configuration list for PBXNativeTarget "DSSearchPhotoPicker" */ = {
			isa = XCConfigurationList;
			buildConfigurations = (
				CC594E711DA51ED400823047 /* Debug */,
				CC594E721DA51ED400823047 /* Release */,
			);
			defaultConfigurationIsVisible = 0;
			defaultConfigurationName = Release;
		};
/* End XCConfigurationList section */
	};
	rootObject = CC594E3B1DA51ED300823047 /* Project object */;
}
